
Microsoft Visual Studio Solution File, Format Version 12.00
# Visual Studio Version 17
VisualStudioVersion = 17.4.33205.214
MinimumVisualStudioVersion = 10.0.40219.1
Project("{FAE04EC0-301F-11D3-BF4B-00C04F79EFBC}") = "Battleship2000", "Battleship2000\Battleship2000.csproj", "{AD8B1A09-E4B1-473A-80D9-C792D081118A}"
EndProject
Global
	GlobalSection(SolutionConfigurationPlatforms) = preSolution
		Debug|Any CPU = Debug|Any CPU
		Release|Any CPU = Release|Any CPU
	EndGlobalSection
	GlobalSection(ProjectConfigurationPlatforms) = postSolution
		{AD8B1A09-E4B1-473A-80D9-C792D081118A}.Debug|Any CPU.ActiveCfg = Debug|Any CPU
		{AD8B1A09-E4B1-473A-80D9-C792D081118A}.Debug|Any CPU.Build.0 = Debug|Any CPU
		{AD8B1A09-E4B1-473A-80D9-C792D081118A}.Release|Any CPU.ActiveCfg = Release|Any CPU
		{AD8B1A09-E4B1-473A-80D9-C792D081118A}.Release|Any CPU.Build.0 = Release|Any CPU
	EndGlobalSection
	GlobalSection(SolutionProperties) = preSolution
		HideSolutionNode = FALSE
	EndGlobalSection
	GlobalSection(ExtensibilityGlobals) = postSolution
		SolutionGuid = {A1A37C12-D91A-4943-8C80-6039D5CCD94E}
	EndGlobalSection
EndGlobal
