
Microsoft Visual Studio Solution File, Format Version 12.00
# Visual Studio Version 17
VisualStudioVersion = 17.4.33205.214
MinimumVisualStudioVersion = 10.0.40219.1
Project("{9A19103F-16F7-4668-BE54-9A1E7A4F7556}") = "Battleship2000", "Battleship2000\Battleship2000.csproj", "{AD8B1A09-E4B1-473A-80D9-C792D081118A}"
EndProject
Project("{9A19103F-16F7-4668-BE54-9A1E7A4F7556}") = "Tests", "Tests\Tests.csproj", "{2FB7CBCA-DD55-4217-A40F-1972E468C352}"
EndProject
Project("{2150E333-8FDC-42A3-9474-1A3956D46DE8}") = "Solution Items", "Solution Items", "{B82121FF-9DC4-4715-A213-F6DD96F6F70B}"
	ProjectSection(SolutionItems) = preProject
		.github\workflows\dotnet-desktop.yml = .github\workflows\dotnet-desktop.yml
	EndProjectSection
EndProject
Project("{FAE04EC0-301F-11D3-BF4B-00C04F79EFBC}") = "NetworkLayer", "NetworkLayer\NetworkLayer.csproj", "{B9609444-B15A-47B8-A5DA-B77D0AE1E53A}"
EndProject
Project("{9A19103F-16F7-4668-BE54-9A1E7A4F7556}") = "AiLayer", "AiLayer\AiLayer.csproj", "{D501592D-7CD5-4B71-AE64-A1F766BDD37E}"
EndProject
Project("{9A19103F-16F7-4668-BE54-9A1E7A4F7556}") = "EngineLayer", "EngineLayer\EngineLayer.csproj", "{9FCCE488-6F18-4330-ACDB-09EE3CBD1E1B}"
EndProject
Global
	GlobalSection(SolutionConfigurationPlatforms) = preSolution
		Debug|Any CPU = Debug|Any CPU
		Release|Any CPU = Release|Any CPU
	EndGlobalSection
	GlobalSection(ProjectConfigurationPlatforms) = postSolution
		{AD8B1A09-E4B1-473A-80D9-C792D081118A}.Debug|Any CPU.ActiveCfg = Debug|Any CPU
		{AD8B1A09-E4B1-473A-80D9-C792D081118A}.Debug|Any CPU.Build.0 = Debug|Any CPU
		{AD8B1A09-E4B1-473A-80D9-C792D081118A}.Release|Any CPU.ActiveCfg = Release|Any CPU
		{AD8B1A09-E4B1-473A-80D9-C792D081118A}.Release|Any CPU.Build.0 = Release|Any CPU
		{2FB7CBCA-DD55-4217-A40F-1972E468C352}.Debug|Any CPU.ActiveCfg = Debug|Any CPU
		{2FB7CBCA-DD55-4217-A40F-1972E468C352}.Debug|Any CPU.Build.0 = Debug|Any CPU
		{2FB7CBCA-DD55-4217-A40F-1972E468C352}.Release|Any CPU.ActiveCfg = Release|Any CPU
		{2FB7CBCA-DD55-4217-A40F-1972E468C352}.Release|Any CPU.Build.0 = Release|Any CPU
		{B9609444-B15A-47B8-A5DA-B77D0AE1E53A}.Debug|Any CPU.ActiveCfg = Debug|Any CPU
		{B9609444-B15A-47B8-A5DA-B77D0AE1E53A}.Debug|Any CPU.Build.0 = Debug|Any CPU
		{B9609444-B15A-47B8-A5DA-B77D0AE1E53A}.Release|Any CPU.ActiveCfg = Release|Any CPU
		{B9609444-B15A-47B8-A5DA-B77D0AE1E53A}.Release|Any CPU.Build.0 = Release|Any CPU
		{D501592D-7CD5-4B71-AE64-A1F766BDD37E}.Debug|Any CPU.ActiveCfg = Debug|Any CPU
		{D501592D-7CD5-4B71-AE64-A1F766BDD37E}.Debug|Any CPU.Build.0 = Debug|Any CPU
		{D501592D-7CD5-4B71-AE64-A1F766BDD37E}.Release|Any CPU.ActiveCfg = Release|Any CPU
		{D501592D-7CD5-4B71-AE64-A1F766BDD37E}.Release|Any CPU.Build.0 = Release|Any CPU
		{9FCCE488-6F18-4330-ACDB-09EE3CBD1E1B}.Debug|Any CPU.ActiveCfg = Debug|Any CPU
		{9FCCE488-6F18-4330-ACDB-09EE3CBD1E1B}.Debug|Any CPU.Build.0 = Debug|Any CPU
		{9FCCE488-6F18-4330-ACDB-09EE3CBD1E1B}.Release|Any CPU.ActiveCfg = Release|Any CPU
		{9FCCE488-6F18-4330-ACDB-09EE3CBD1E1B}.Release|Any CPU.Build.0 = Release|Any CPU
	EndGlobalSection
	GlobalSection(SolutionProperties) = preSolution
		HideSolutionNode = FALSE
	EndGlobalSection
	GlobalSection(ExtensibilityGlobals) = postSolution
		SolutionGuid = {A1A37C12-D91A-4943-8C80-6039D5CCD94E}
	EndGlobalSection
EndGlobal
